
Microsoft Visual Studio Solution File, Format Version 12.00
# Visual Studio 2012
Project("{FAE04EC0-301F-11D3-BF4B-00C04F79EFBC}") = "Linq2Azure", "Linq2Azure.csproj", "{A0F88280-078F-4E05-9A63-5D09DA1936AB}"
EndProject
Project("{FAE04EC0-301F-11D3-BF4B-00C04F79EFBC}") = "LINQPadDriver", "LINQPadDriver\LINQPadDriver.csproj", "{67F412BD-9398-41BB-A059-722DD1D6CCCA}"
EndProject
Project("{FAE04EC0-301F-11D3-BF4B-00C04F79EFBC}") = "IntegrationTests", "IntegrationTests\IntegrationTests.csproj", "{16E307A2-365E-4946-BC5A-9D68A16EBE64}"
EndProject
Project("{FAE04EC0-301F-11D3-BF4B-00C04F79EFBC}") = "UnitTests", "UnitTests\UnitTests.csproj", "{404DB523-9C4D-41E6-86C2-E792359BEFFC}"
EndProject
Project("{2150E333-8FDC-42A3-9474-1A3956D46DE8}") = ".nuget", ".nuget", "{92F8CFB8-D550-4172-8516-AA5C80EB0413}"
	ProjectSection(SolutionItems) = preProject
		.nuget\NuGet.Config = .nuget\NuGet.Config
		.nuget\NuGet.exe = .nuget\NuGet.exe
		.nuget\NuGet.targets = .nuget\NuGet.targets
	EndProjectSection
EndProject
Project("{CC5FD16D-436D-48AD-A40C-5A424C6E3E79}") = "TestDeployment", "..\WindowsAzure1\TestDeployment.ccproj", "{1B401DD2-0D01-42F9-A1ED-4FA4E08B36C0}"
EndProject
Project("{FAE04EC0-301F-11D3-BF4B-00C04F79EFBC}") = "TestWebRole", "TestWebRole\TestWebRole.csproj", "{359AF7B6-E3C2-4F48-A0A4-DDDB7D844C04}"
EndProject
Global
	GlobalSection(SolutionConfigurationPlatforms) = preSolution
		Debug|Any CPU = Debug|Any CPU
		Release|Any CPU = Release|Any CPU
	EndGlobalSection
	GlobalSection(ProjectConfigurationPlatforms) = postSolution
		{A0F88280-078F-4E05-9A63-5D09DA1936AB}.Debug|Any CPU.ActiveCfg = Debug|Any CPU
		{A0F88280-078F-4E05-9A63-5D09DA1936AB}.Debug|Any CPU.Build.0 = Debug|Any CPU
		{A0F88280-078F-4E05-9A63-5D09DA1936AB}.Release|Any CPU.ActiveCfg = Release|Any CPU
		{A0F88280-078F-4E05-9A63-5D09DA1936AB}.Release|Any CPU.Build.0 = Release|Any CPU
		{67F412BD-9398-41BB-A059-722DD1D6CCCA}.Debug|Any CPU.ActiveCfg = Debug|Any CPU
		{67F412BD-9398-41BB-A059-722DD1D6CCCA}.Debug|Any CPU.Build.0 = Debug|Any CPU
		{67F412BD-9398-41BB-A059-722DD1D6CCCA}.Release|Any CPU.ActiveCfg = Release|Any CPU
		{67F412BD-9398-41BB-A059-722DD1D6CCCA}.Release|Any CPU.Build.0 = Release|Any CPU
		{16E307A2-365E-4946-BC5A-9D68A16EBE64}.Debug|Any CPU.ActiveCfg = Debug|Any CPU
		{16E307A2-365E-4946-BC5A-9D68A16EBE64}.Debug|Any CPU.Build.0 = Debug|Any CPU
		{16E307A2-365E-4946-BC5A-9D68A16EBE64}.Release|Any CPU.ActiveCfg = Release|Any CPU
		{16E307A2-365E-4946-BC5A-9D68A16EBE64}.Release|Any CPU.Build.0 = Release|Any CPU
		{404DB523-9C4D-41E6-86C2-E792359BEFFC}.Debug|Any CPU.ActiveCfg = Debug|Any CPU
		{404DB523-9C4D-41E6-86C2-E792359BEFFC}.Debug|Any CPU.Build.0 = Debug|Any CPU
		{404DB523-9C4D-41E6-86C2-E792359BEFFC}.Release|Any CPU.ActiveCfg = Release|Any CPU
		{404DB523-9C4D-41E6-86C2-E792359BEFFC}.Release|Any CPU.Build.0 = Release|Any CPU
		{1B401DD2-0D01-42F9-A1ED-4FA4E08B36C0}.Debug|Any CPU.ActiveCfg = Debug|Any CPU
		{1B401DD2-0D01-42F9-A1ED-4FA4E08B36C0}.Debug|Any CPU.Build.0 = Debug|Any CPU
		{1B401DD2-0D01-42F9-A1ED-4FA4E08B36C0}.Release|Any CPU.ActiveCfg = Release|Any CPU
		{1B401DD2-0D01-42F9-A1ED-4FA4E08B36C0}.Release|Any CPU.Build.0 = Release|Any CPU
		{359AF7B6-E3C2-4F48-A0A4-DDDB7D844C04}.Debug|Any CPU.ActiveCfg = Debug|Any CPU
		{359AF7B6-E3C2-4F48-A0A4-DDDB7D844C04}.Debug|Any CPU.Build.0 = Debug|Any CPU
		{359AF7B6-E3C2-4F48-A0A4-DDDB7D844C04}.Release|Any CPU.ActiveCfg = Release|Any CPU
		{359AF7B6-E3C2-4F48-A0A4-DDDB7D844C04}.Release|Any CPU.Build.0 = Release|Any CPU
	EndGlobalSection
	GlobalSection(SolutionProperties) = preSolution
		HideSolutionNode = FALSE
	EndGlobalSection
EndGlobal
